
Microsoft Visual Studio Solution File, Format Version 12.00
# Visual Studio 15
VisualStudioVersion = 15.0.27004.2009
MinimumVisualStudioVersion = 10.0.40219.1
Project("{FAE04EC0-301F-11D3-BF4B-00C04F79EFBC}") = "Interop", "Interop\Interop.csproj", "{CE5458D2-DE01-486E-B220-651AF61B8A74}"
EndProject
Global
	GlobalSection(SolutionConfigurationPlatforms) = preSolution
		Debug|Any CPU = Debug|Any CPU
		Release|Any CPU = Release|Any CPU
	EndGlobalSection
	GlobalSection(ProjectConfigurationPlatforms) = postSolution
		{CE5458D2-DE01-486E-B220-651AF61B8A74}.Debug|Any CPU.ActiveCfg = Debug|Any CPU
		{CE5458D2-DE01-486E-B220-651AF61B8A74}.Debug|Any CPU.Build.0 = Debug|Any CPU
		{CE5458D2-DE01-486E-B220-651AF61B8A74}.Release|Any CPU.ActiveCfg = Release|Any CPU
		{CE5458D2-DE01-486E-B220-651AF61B8A74}.Release|Any CPU.Build.0 = Release|Any CPU
	EndGlobalSection
	GlobalSection(SolutionProperties) = preSolution
		HideSolutionNode = FALSE
	EndGlobalSection
	GlobalSection(ExtensibilityGlobals) = postSolution
		SolutionGuid = {702B02DA-DA4B-44CE-80AF-49A84E9A4E45}
	EndGlobalSection
EndGlobal
